
Microsoft Visual Studio Solution File, Format Version 12.00
# Visual Studio Version 17
VisualStudioVersion = 17.3.32929.385
MinimumVisualStudioVersion = 10.0.40219.1
Project("{8BC9CEB8-8B4A-11D0-8D11-00A0C91BC942}") = "Sortirovka", "Sortirovka\Sortirovka.vcxproj", "{E0C4E917-7A03-43D6-8AFF-45808B90F584}"
EndProject
Project("{8BC9CEB8-8B4A-11D0-8D11-00A0C91BC942}") = "Test", "Test\Test.vcxproj", "{B0FD2292-8864-4F9D-8E7F-EB05E5743EB5}"
EndProject
Project("{8BC9CEB8-8B4A-11D0-8D11-00A0C91BC942}") = "Viborom", "Viborom\Viborom.vcxproj", "{A52664E6-7BB8-406F-91B1-694DAC56C40A}"
EndProject
Project("{8BC9CEB8-8B4A-11D0-8D11-00A0C91BC942}") = "Test2", "Test2\Test2.vcxproj", "{14693921-C6C5-4C69-973E-152FFAD54B73}"
EndProject
Project("{8BC9CEB8-8B4A-11D0-8D11-00A0C91BC942}") = "Obmen", "Obmen\Obmen.vcxproj", "{3563B072-1D20-4E71-A314-A47B1497697A}"
EndProject
Project("{8BC9CEB8-8B4A-11D0-8D11-00A0C91BC942}") = "Test3", "Test3\Test3.vcxproj", "{79A2811E-E02C-42E3-9F2F-307773A3C0BB}"
EndProject
Project("{8BC9CEB8-8B4A-11D0-8D11-00A0C91BC942}") = "Puzirkon", "Puzirkon\Puzirkon.vcxproj", "{AFF335F4-B259-4CFF-9E06-187FFC9CB0E6}"
EndProject
Project("{8BC9CEB8-8B4A-11D0-8D11-00A0C91BC942}") = "Test4", "Test4\Test4.vcxproj", "{E29DC6EC-7252-46B4-B2E4-636C50D70E83}"
EndProject
Project("{8BC9CEB8-8B4A-11D0-8D11-00A0C91BC942}") = "PuzirPlus", "PuzirPlus\PuzirPlus.vcxproj", "{F0874875-88A6-4E45-90F8-94A3110E80E6}"
EndProject
Project("{8BC9CEB8-8B4A-11D0-8D11-00A0C91BC942}") = "Test5", "Test5\Test5.vcxproj", "{5FE715AD-1DC4-49AD-8738-DFF6D7567CF9}"
EndProject
Global
	GlobalSection(SolutionConfigurationPlatforms) = preSolution
		Debug|x64 = Debug|x64
		Debug|x86 = Debug|x86
		Release|x64 = Release|x64
		Release|x86 = Release|x86
	EndGlobalSection
	GlobalSection(ProjectConfigurationPlatforms) = postSolution
		{E0C4E917-7A03-43D6-8AFF-45808B90F584}.Debug|x64.ActiveCfg = Debug|x64
		{E0C4E917-7A03-43D6-8AFF-45808B90F584}.Debug|x64.Build.0 = Debug|x64
		{E0C4E917-7A03-43D6-8AFF-45808B90F584}.Debug|x86.ActiveCfg = Debug|Win32
		{E0C4E917-7A03-43D6-8AFF-45808B90F584}.Debug|x86.Build.0 = Debug|Win32
		{E0C4E917-7A03-43D6-8AFF-45808B90F584}.Release|x64.ActiveCfg = Release|x64
		{E0C4E917-7A03-43D6-8AFF-45808B90F584}.Release|x64.Build.0 = Release|x64
		{E0C4E917-7A03-43D6-8AFF-45808B90F584}.Release|x86.ActiveCfg = Release|Win32
		{E0C4E917-7A03-43D6-8AFF-45808B90F584}.Release|x86.Build.0 = Release|Win32
		{B0FD2292-8864-4F9D-8E7F-EB05E5743EB5}.Debug|x64.ActiveCfg = Debug|x64
		{B0FD2292-8864-4F9D-8E7F-EB05E5743EB5}.Debug|x64.Build.0 = Debug|x64
		{B0FD2292-8864-4F9D-8E7F-EB05E5743EB5}.Debug|x86.ActiveCfg = Debug|Win32
		{B0FD2292-8864-4F9D-8E7F-EB05E5743EB5}.Debug|x86.Build.0 = Debug|Win32
		{B0FD2292-8864-4F9D-8E7F-EB05E5743EB5}.Release|x64.ActiveCfg = Release|x64
		{B0FD2292-8864-4F9D-8E7F-EB05E5743EB5}.Release|x64.Build.0 = Release|x64
		{B0FD2292-8864-4F9D-8E7F-EB05E5743EB5}.Release|x86.ActiveCfg = Release|Win32
		{B0FD2292-8864-4F9D-8E7F-EB05E5743EB5}.Release|x86.Build.0 = Release|Win32
		{A52664E6-7BB8-406F-91B1-694DAC56C40A}.Debug|x64.ActiveCfg = Debug|x64
		{A52664E6-7BB8-406F-91B1-694DAC56C40A}.Debug|x64.Build.0 = Debug|x64
		{A52664E6-7BB8-406F-91B1-694DAC56C40A}.Debug|x86.ActiveCfg = Debug|Win32
		{A52664E6-7BB8-406F-91B1-694DAC56C40A}.Debug|x86.Build.0 = Debug|Win32
		{A52664E6-7BB8-406F-91B1-694DAC56C40A}.Release|x64.ActiveCfg = Release|x64
		{A52664E6-7BB8-406F-91B1-694DAC56C40A}.Release|x64.Build.0 = Release|x64
		{A52664E6-7BB8-406F-91B1-694DAC56C40A}.Release|x86.ActiveCfg = Release|Win32
		{A52664E6-7BB8-406F-91B1-694DAC56C40A}.Release|x86.Build.0 = Release|Win32
		{14693921-C6C5-4C69-973E-152FFAD54B73}.Debug|x64.ActiveCfg = Debug|x64
		{14693921-C6C5-4C69-973E-152FFAD54B73}.Debug|x64.Build.0 = Debug|x64
		{14693921-C6C5-4C69-973E-152FFAD54B73}.Debug|x86.ActiveCfg = Debug|Win32
		{14693921-C6C5-4C69-973E-152FFAD54B73}.Debug|x86.Build.0 = Debug|Win32
		{14693921-C6C5-4C69-973E-152FFAD54B73}.Release|x64.ActiveCfg = Release|x64
		{14693921-C6C5-4C69-973E-152FFAD54B73}.Release|x64.Build.0 = Release|x64
		{14693921-C6C5-4C69-973E-152FFAD54B73}.Release|x86.ActiveCfg = Release|Win32
		{14693921-C6C5-4C69-973E-152FFAD54B73}.Release|x86.Build.0 = Release|Win32
		{3563B072-1D20-4E71-A314-A47B1497697A}.Debug|x64.ActiveCfg = Debug|x64
		{3563B072-1D20-4E71-A314-A47B1497697A}.Debug|x64.Build.0 = Debug|x64
		{3563B072-1D20-4E71-A314-A47B1497697A}.Debug|x86.ActiveCfg = Debug|Win32
		{3563B072-1D20-4E71-A314-A47B1497697A}.Debug|x86.Build.0 = Debug|Win32
		{3563B072-1D20-4E71-A314-A47B1497697A}.Release|x64.ActiveCfg = Release|x64
		{3563B072-1D20-4E71-A314-A47B1497697A}.Release|x64.Build.0 = Release|x64
		{3563B072-1D20-4E71-A314-A47B1497697A}.Release|x86.ActiveCfg = Release|Win32
		{3563B072-1D20-4E71-A314-A47B1497697A}.Release|x86.Build.0 = Release|Win32
		{79A2811E-E02C-42E3-9F2F-307773A3C0BB}.Debug|x64.ActiveCfg = Debug|x64
		{79A2811E-E02C-42E3-9F2F-307773A3C0BB}.Debug|x64.Build.0 = Debug|x64
		{79A2811E-E02C-42E3-9F2F-307773A3C0BB}.Debug|x86.ActiveCfg = Debug|Win32
		{79A2811E-E02C-42E3-9F2F-307773A3C0BB}.Debug|x86.Build.0 = Debug|Win32
		{79A2811E-E02C-42E3-9F2F-307773A3C0BB}.Release|x64.ActiveCfg = Release|x64
		{79A2811E-E02C-42E3-9F2F-307773A3C0BB}.Release|x64.Build.0 = Release|x64
		{79A2811E-E02C-42E3-9F2F-307773A3C0BB}.Release|x86.ActiveCfg = Release|Win32
		{79A2811E-E02C-42E3-9F2F-307773A3C0BB}.Release|x86.Build.0 = Release|Win32
		{AFF335F4-B259-4CFF-9E06-187FFC9CB0E6}.Debug|x64.ActiveCfg = Debug|x64
		{AFF335F4-B259-4CFF-9E06-187FFC9CB0E6}.Debug|x64.Build.0 = Debug|x64
		{AFF335F4-B259-4CFF-9E06-187FFC9CB0E6}.Debug|x86.ActiveCfg = Debug|Win32
		{AFF335F4-B259-4CFF-9E06-187FFC9CB0E6}.Debug|x86.Build.0 = Debug|Win32
		{AFF335F4-B259-4CFF-9E06-187FFC9CB0E6}.Release|x64.ActiveCfg = Release|x64
		{AFF335F4-B259-4CFF-9E06-187FFC9CB0E6}.Release|x64.Build.0 = Release|x64
		{AFF335F4-B259-4CFF-9E06-187FFC9CB0E6}.Release|x86.ActiveCfg = Release|Win32
		{AFF335F4-B259-4CFF-9E06-187FFC9CB0E6}.Release|x86.Build.0 = Release|Win32
		{E29DC6EC-7252-46B4-B2E4-636C50D70E83}.Debug|x64.ActiveCfg = Debug|x64
		{E29DC6EC-7252-46B4-B2E4-636C50D70E83}.Debug|x64.Build.0 = Debug|x64
		{E29DC6EC-7252-46B4-B2E4-636C50D70E83}.Debug|x86.ActiveCfg = Debug|Win32
		{E29DC6EC-7252-46B4-B2E4-636C50D70E83}.Debug|x86.Build.0 = Debug|Win32
		{E29DC6EC-7252-46B4-B2E4-636C50D70E83}.Release|x64.ActiveCfg = Release|x64
		{E29DC6EC-7252-46B4-B2E4-636C50D70E83}.Release|x64.Build.0 = Release|x64
		{E29DC6EC-7252-46B4-B2E4-636C50D70E83}.Release|x86.ActiveCfg = Release|Win32
		{E29DC6EC-7252-46B4-B2E4-636C50D70E83}.Release|x86.Build.0 = Release|Win32
		{F0874875-88A6-4E45-90F8-94A3110E80E6}.Debug|x64.ActiveCfg = Debug|x64
		{F0874875-88A6-4E45-90F8-94A3110E80E6}.Debug|x64.Build.0 = Debug|x64
		{F0874875-88A6-4E45-90F8-94A3110E80E6}.Debug|x86.ActiveCfg = Debug|Win32
		{F0874875-88A6-4E45-90F8-94A3110E80E6}.Debug|x86.Build.0 = Debug|Win32
		{F0874875-88A6-4E45-90F8-94A3110E80E6}.Release|x64.ActiveCfg = Release|x64
		{F0874875-88A6-4E45-90F8-94A3110E80E6}.Release|x64.Build.0 = Release|x64
		{F0874875-88A6-4E45-90F8-94A3110E80E6}.Release|x86.ActiveCfg = Release|Win32
		{F0874875-88A6-4E45-90F8-94A3110E80E6}.Release|x86.Build.0 = Release|Win32
		{5FE715AD-1DC4-49AD-8738-DFF6D7567CF9}.Debug|x64.ActiveCfg = Debug|x64
		{5FE715AD-1DC4-49AD-8738-DFF6D7567CF9}.Debug|x64.Build.0 = Debug|x64
		{5FE715AD-1DC4-49AD-8738-DFF6D7567CF9}.Debug|x86.ActiveCfg = Debug|Win32
		{5FE715AD-1DC4-49AD-8738-DFF6D7567CF9}.Debug|x86.Build.0 = Debug|Win32
		{5FE715AD-1DC4-49AD-8738-DFF6D7567CF9}.Release|x64.ActiveCfg = Release|x64
		{5FE715AD-1DC4-49AD-8738-DFF6D7567CF9}.Release|x64.Build.0 = Release|x64
		{5FE715AD-1DC4-49AD-8738-DFF6D7567CF9}.Release|x86.ActiveCfg = Release|Win32
		{5FE715AD-1DC4-49AD-8738-DFF6D7567CF9}.Release|x86.Build.0 = Release|Win32
	EndGlobalSection
	GlobalSection(SolutionProperties) = preSolution
		HideSolutionNode = FALSE
	EndGlobalSection
	GlobalSection(ExtensibilityGlobals) = postSolution
		SolutionGuid = {B22177BD-4239-493A-9876-588B646F6086}
	EndGlobalSection
EndGlobal
